
Microsoft Visual Studio Solution File, Format Version 12.00
# Visual Studio Version 16
VisualStudioVersion = 16.0.31205.134
MinimumVisualStudioVersion = 10.0.40219.1
Project("{FAE04EC0-301F-11D3-BF4B-00C04F79EFBC}") = "eDiaryAPI", "eDiaryAPI.csproj", "{E881CC56-FA87-4C7D-BAC5-D6678447CCDC}"
EndProject
Global
	GlobalSection(SolutionConfigurationPlatforms) = preSolution
		Debug|Any CPU = Debug|Any CPU
		Release|Any CPU = Release|Any CPU
	EndGlobalSection
	GlobalSection(ProjectConfigurationPlatforms) = postSolution
		{E881CC56-FA87-4C7D-BAC5-D6678447CCDC}.Debug|Any CPU.ActiveCfg = Debug|Any CPU
		{E881CC56-FA87-4C7D-BAC5-D6678447CCDC}.Debug|Any CPU.Build.0 = Debug|Any CPU
		{E881CC56-FA87-4C7D-BAC5-D6678447CCDC}.Release|Any CPU.ActiveCfg = Release|Any CPU
		{E881CC56-FA87-4C7D-BAC5-D6678447CCDC}.Release|Any CPU.Build.0 = Release|Any CPU
	EndGlobalSection
	GlobalSection(SolutionProperties) = preSolution
		HideSolutionNode = FALSE
	EndGlobalSection
	GlobalSection(ExtensibilityGlobals) = postSolution
		SolutionGuid = {7231F97D-046E-4552-8E89-EC4267617F30}
	EndGlobalSection
EndGlobal
